// !$*UTF8*$!
{
	archiveVersion = 1;
	classes = {
	};
	objectVersion = 110;
	objects = {

/* Begin PBXBuildFile section */
		D645C924306B43670055C8C2 /* AppDelegate.swift in Sources */ = {isa = PBXBuildFile; fileRef = D645C923306B43670055C8C2 /* AppDelegate.swift */; };
		D645C928306B43670055C8C2 /* Main.html in Resources */ = {isa = PBXBuildFile; fileRef = D645C926306B43670055C8C2 /* Main.html */; };
		D645C92A306B43670055C8C2 /* Icon.png in Resources */ = {isa = PBXBuildFile; fileRef = D645C929306B43670055C8C2 /* Icon.png */; };
		D645C92C306B43670055C8C2 /* Style.css in Resources */ = {isa = PBXBuildFile; fileRef = D645C92B306B43670055C8C2 /* Style.css */; };
		D645C92E306B43670055C8C2 /* Script.js in Resources */ = {isa = PBXBuildFile; fileRef = D645C92D306B43670055C8C2 /* Script.js */; };
		D645C930306B43670055C8C2 /* ViewController.swift in Sources */ = {isa = PBXBuildFile; fileRef = D645C92F306B43670055C8C2 /* ViewController.swift */; };
		D645C933306B43670055C8C2 /* Main.storyboard in Resources */ = {isa = PBXBuildFile; fileRef = D645C931306B43670055C8C2 /* Main.storyboard */; };
		D645C935306B43680055C8C2 /* Assets.xcassets in Resources */ = {isa = PBXBuildFile; fileRef = D645C934306B43680055C8C2 /* Assets.xcassets */; };
		D645C93C306B43680055C8C2 /* URLColors Extension.appex in Embed Foundation Extensions */ = {isa = PBXBuildFile; fileRef = D645C93B306B43680055C8C2 /* URLColors Extension.appex */; settings = {ATTRIBUTES = (RemoveHeadersOnCopy, ); }; };
		D645C941306B43680055C8C2 /* SafariWebExtensionHandler.swift in Sources */ = {isa = PBXBuildFile; fileRef = D645C940306B43680055C8C2 /* SafariWebExtensionHandler.swift */; };
		D645C953306B43680055C8C2 /* urlColorsContentScript.js in Resources */ = {isa = PBXBuildFile; fileRef = D645C94D306B43680055C8C2 /* urlColorsContentScript.js */; };
		D645C954306B43680055C8C2 /* urlColorsServiceWorker.js in Resources */ = {isa = PBXBuildFile; fileRef = D645C94E306B43680055C8C2 /* urlColorsServiceWorker.js */; };
		D645C955306B43680055C8C2 /* urlColorsPopup.html in Resources */ = {isa = PBXBuildFile; fileRef = D645C94F306B43680055C8C2 /* urlColorsPopup.html */; };
		D645C956306B43680055C8C2 /* icons in Resources */ = {isa = PBXBuildFile; fileRef = D645C950306B43680055C8C2 /* icons */; };
		D645C957306B43680055C8C2 /* manifest.json in Resources */ = {isa = PBXBuildFile; fileRef = D645C951306B43680055C8C2 /* manifest.json */; };
		D645C958306B43680055C8C2 /* urlColorsPopup.js in Resources */ = {isa = PBXBuildFile; fileRef = D645C952306B43680055C8C2 /* urlColorsPopup.js */; };
/* End PBXBuildFile section */

/* Begin PBXContainerItemProxy section */
		D645C93D306B43680055C8C2 /* PBXContainerItemProxy */ = {
			isa = PBXContainerItemProxy;
			containerPortal = D645C918306B43670055C8C2 /* Project object */;
			proxyType = 1;
			remoteGlobalIDString = D645C93A306B43680055C8C2;
			remoteInfo = "URLColors Extension";
		};
/* End PBXContainerItemProxy section */

/* Begin PBXCopyFilesBuildPhase section */
		D645C948306B43680055C8C2 /* Embed Foundation Extensions */ = {
			isa = PBXCopyFilesBuildPhase;
			dstPath = "";
			dstSubfolder = PlugIns;
			files = (
				D645C93C306B43680055C8C2 /* URLColors Extension.appex in Embed Foundation Extensions */,
			);
			name = "Embed Foundation Extensions";
		};
/* End PBXCopyFilesBuildPhase section */

/* Begin PBXFileReference section */
		D645C920306B43670055C8C2 /* URLColors.app */ = {isa = PBXFileReference; explicitFileType = wrapper.application; includeInIndex = 0; path = URLColors.app; sourceTree = BUILT_PRODUCTS_DIR; };
		D645C923306B43670055C8C2 /* AppDelegate.swift */ = {isa = PBXFileReference; lastKnownFileType = sourcecode.swift; path = AppDelegate.swift; sourceTree = "<group>"; };
		D645C927306B43670055C8C2 /* Base */ = {isa = PBXFileReference; lastKnownFileType = text.html; name = Base; path = Base.lproj/Main.html; sourceTree = "<group>"; };
		D645C929306B43670055C8C2 /* Icon.png */ = {isa = PBXFileReference; lastKnownFileType = image.png; path = Icon.png; sourceTree = "<group>"; };
		D645C92B306B43670055C8C2 /* Style.css */ = {isa = PBXFileReference; lastKnownFileType = text.css; path = Style.css; sourceTree = "<group>"; };
		D645C92D306B43670055C8C2 /* Script.js */ = {isa = PBXFileReference; lastKnownFileType = sourcecode.javascript; path = Script.js; sourceTree = "<group>"; };
		D645C92F306B43670055C8C2 /* ViewController.swift */ = {isa = PBXFileReference; lastKnownFileType = sourcecode.swift; path = ViewController.swift; sourceTree = "<group>"; };
		D645C932306B43670055C8C2 /* Base */ = {isa = PBXFileReference; lastKnownFileType = file.storyboard; name = Base; path = Base.lproj/Main.storyboard; sourceTree = "<group>"; };
		D645C934306B43680055C8C2 /* Assets.xcassets */ = {isa = PBXFileReference; lastKnownFileType = folder.assetcatalog; path = Assets.xcassets; sourceTree = "<group>"; };
		D645C936306B43680055C8C2 /* Info.plist */ = {isa = PBXFileReference; lastKnownFileType = text.plist.xml; path = Info.plist; sourceTree = "<group>"; };
		D645C93B306B43680055C8C2 /* URLColors Extension.appex */ = {isa = PBXFileReference; explicitFileType = "wrapper.app-extension"; includeInIndex = 0; path = "URLColors Extension.appex"; sourceTree = BUILT_PRODUCTS_DIR; };
		D645C940306B43680055C8C2 /* SafariWebExtensionHandler.swift */ = {isa = PBXFileReference; lastKnownFileType = sourcecode.swift; path = SafariWebExtensionHandler.swift; sourceTree = "<group>"; };
		D645C942306B43680055C8C2 /* Info.plist */ = {isa = PBXFileReference; lastKnownFileType = text.plist.xml; path = Info.plist; sourceTree = "<group>"; };
		D645C94D306B43680055C8C2 /* urlColorsContentScript.js */ = {isa = PBXFileReference; lastKnownFileType = sourcecode.javascript; name = urlColorsContentScript.js; path = Resources/urlColorsContentScript.js; sourceTree = "<group>"; };
		D645C94E306B43680055C8C2 /* urlColorsServiceWorker.js */ = {isa = PBXFileReference; lastKnownFileType = sourcecode.javascript; name = urlColorsServiceWorker.js; path = Resources/urlColorsServiceWorker.js; sourceTree = "<group>"; };
		D645C94F306B43680055C8C2 /* urlColorsPopup.html */ = {isa = PBXFileReference; lastKnownFileType = text.html; name = urlColorsPopup.html; path = Resources/urlColorsPopup.html; sourceTree = "<group>"; };
		D645C950306B43680055C8C2 /* icons */ = {isa = PBXFileReference; lastKnownFileType = folder; name = icons; path = Resources/icons; sourceTree = "<group>"; };
		D645C951306B43680055C8C2 /* manifest.json */ = {isa = PBXFileReference; lastKnownFileType = text.json; name = manifest.json; path = Resources/manifest.json; sourceTree = "<group>"; };
		D645C952306B43680055C8C2 /* urlColorsPopup.js */ = {isa = PBXFileReference; lastKnownFileType = sourcecode.javascript; name = urlColorsPopup.js; path = Resources/urlColorsPopup.js; sourceTree = "<group>"; };
/* End PBXFileReference section */

/* Begin PBXFrameworksBuildPhase section */
		D645C91D306B43670055C8C2 /* Frameworks */ = {
			isa = PBXFrameworksBuildPhase;
			files = (
			);
		};
		D645C938306B43680055C8C2 /* Frameworks */ = {
			isa = PBXFrameworksBuildPhase;
			files = (
			);
		};
/* End PBXFrameworksBuildPhase section */

/* Begin PBXGroup section */
		D645C917306B43670055C8C2 = {
			isa = PBXGroup;
			children = (
				D645C922306B43670055C8C2 /* URLColors */,
				D645C93F306B43680055C8C2 /* URLColors Extension */,
				D645C921306B43670055C8C2 /* Products */,
			);
			sourceTree = "<group>";
		};
		D645C921306B43670055C8C2 /* Products */ = {
			isa = PBXGroup;
			children = (
				D645C920306B43670055C8C2 /* URLColors.app */,
				D645C93B306B43680055C8C2 /* URLColors Extension.appex */,
			);
			name = Products;
			sourceTree = "<group>";
		};
		D645C922306B43670055C8C2 /* URLColors */ = {
			isa = PBXGroup;
			children = (
				D645C923306B43670055C8C2 /* AppDelegate.swift */,
				D645C92F306B43670055C8C2 /* ViewController.swift */,
				D645C931306B43670055C8C2 /* Main.storyboard */,
				D645C934306B43680055C8C2 /* Assets.xcassets */,
				D645C936306B43680055C8C2 /* Info.plist */,
				D645C925306B43670055C8C2 /* Resources */,
			);
			path = URLColors;
			sourceTree = "<group>";
		};
		D645C925306B43670055C8C2 /* Resources */ = {
			isa = PBXGroup;
			children = (
				D645C926306B43670055C8C2 /* Main.html */,
				D645C929306B43670055C8C2 /* Icon.png */,
				D645C92B306B43670055C8C2 /* Style.css */,
				D645C92D306B43670055C8C2 /* Script.js */,
			);
			path = Resources;
			sourceTree = "<group>";
		};
		D645C93F306B43680055C8C2 /* URLColors Extension */ = {
			isa = PBXGroup;
			children = (
				D645C94C306B43680055C8C2 /* Resources */,
				D645C940306B43680055C8C2 /* SafariWebExtensionHandler.swift */,
				D645C942306B43680055C8C2 /* Info.plist */,
			);
			path = "URLColors Extension";
			sourceTree = "<group>";
		};
		D645C94C306B43680055C8C2 /* Resources */ = {
			isa = PBXGroup;
			children = (
				D645C94D306B43680055C8C2 /* urlColorsContentScript.js */,
				D645C94E306B43680055C8C2 /* urlColorsServiceWorker.js */,
				D645C94F306B43680055C8C2 /* urlColorsPopup.html */,
				D645C950306B43680055C8C2 /* icons */,
				D645C951306B43680055C8C2 /* manifest.json */,
				D645C952306B43680055C8C2 /* urlColorsPopup.js */,
			);
			name = Resources;
			path = "URLColors Extension";
			sourceTree = SOURCE_ROOT;
		};
/* End PBXGroup section */

/* Begin PBXNativeTarget section */
		D645C91F306B43670055C8C2 /* URLColors */ = {
			isa = PBXNativeTarget;
			buildConfigurationList = D645C949306B43680055C8C2 /* Build configuration list for PBXNativeTarget "URLColors" */;
			buildPhases = (
				D645C91C306B43670055C8C2 /* Sources */,
				D645C91D306B43670055C8C2 /* Frameworks */,
				D645C91E306B43670055C8C2 /* Resources */,
				D645C948306B43680055C8C2 /* Embed Foundation Extensions */,
			);
			buildRules = (
			);
			dependencies = (
				D645C93E306B43680055C8C2 /* PBXTargetDependency */,
			);
			name = URLColors;
			productName = URLColors;
			productReference = D645C920306B43670055C8C2 /* URLColors.app */;
			productType = "com.apple.product-type.application";
		};
		D645C93A306B43680055C8C2 /* URLColors Extension */ = {
			isa = PBXNativeTarget;
			buildConfigurationList = D645C945306B43680055C8C2 /* Build configuration list for PBXNativeTarget "URLColors Extension" */;
			buildPhases = (
				D645C937306B43680055C8C2 /* Sources */,
				D645C938306B43680055C8C2 /* Frameworks */,
				D645C939306B43680055C8C2 /* Resources */,
			);
			buildRules = (
			);
			name = "URLColors Extension";
			productName = "URLColors Extension";
			productReference = D645C93B306B43680055C8C2 /* URLColors Extension.appex */;
			productType = "com.apple.product-type.app-extension";
		};
/* End PBXNativeTarget section */

/* Begin PBXProject section */
		D645C918306B43670055C8C2 /* Project object */ = {
			isa = PBXProject;
			attributes = {
				BuildIndependentTargetsInParallel = 1;
				LastSwiftUpdateCheck = 2700;
				LastUpgradeCheck = 2700;
				TargetAttributes = {
					D645C91F306B43670055C8C2 = {
						CreatedOnToolsVersion = 27.0;
					};
					D645C93A306B43680055C8C2 = {
						CreatedOnToolsVersion = 27.0;
					};
				};
			};
			buildConfigurationList = D645C91B306B43670055C8C2 /* Build configuration list for PBXProject "URLColors" */;
			developmentRegion = en;
			hasScannedForEncodings = 0;
			knownRegions = (
				en,
				Base,
			);
			mainGroup = D645C917306B43670055C8C2;
			minimizedProjectReferenceProxies = 1;
			preferredProjectObjectVersion = 77;
			productRefGroup = D645C921306B43670055C8C2 /* Products */;
			projectDirPath = "";
			projectRoot = "";
			targets = (
				D645C91F306B43670055C8C2 /* URLColors */,
				D645C93A306B43680055C8C2 /* URLColors Extension */,
			);
		};
/* End PBXProject section */

/* Begin PBXResourcesBuildPhase section */
		D645C91E306B43670055C8C2 /* Resources */ = {
			isa = PBXResourcesBuildPhase;
			files = (
				D645C92A306B43670055C8C2 /* Icon.png in Resources */,
				D645C933306B43670055C8C2 /* Main.storyboard in Resources */,
				D645C92E306B43670055C8C2 /* Script.js in Resources */,
				D645C928306B43670055C8C2 /* Main.html in Resources */,
				D645C935306B43680055C8C2 /* Assets.xcassets in Resources */,
				D645C92C306B43670055C8C2 /* Style.css in Resources */,
			);
		};
		D645C939306B43680055C8C2 /* Resources */ = {
			isa = PBXResourcesBuildPhase;
			files = (
				D645C955306B43680055C8C2 /* urlColorsPopup.html in Resources */,
				D645C956306B43680055C8C2 /* icons in Resources */,
				D645C957306B43680055C8C2 /* manifest.json in Resources */,
				D645C954306B43680055C8C2 /* urlColorsServiceWorker.js in Resources */,
				D645C953306B43680055C8C2 /* urlColorsContentScript.js in Resources */,
				D645C958306B43680055C8C2 /* urlColorsPopup.js in Resources */,
			);
		};
/* End PBXResourcesBuildPhase section */

/* Begin PBXSourcesBuildPhase section */
		D645C91C306B43670055C8C2 /* Sources */ = {
			isa = PBXSourcesBuildPhase;
			files = (
				D645C930306B43670055C8C2 /* ViewController.swift in Sources */,
				D645C924306B43670055C8C2 /* AppDelegate.swift in Sources */,
			);
		};
		D645C937306B43680055C8C2 /* Sources */ = {
			isa = PBXSourcesBuildPhase;
			files = (
				D645C941306B43680055C8C2 /* SafariWebExtensionHandler.swift in Sources */,
			);
		};
/* End PBXSourcesBuildPhase section */

/* Begin PBXTargetDependency section */
		D645C93E306B43680055C8C2 /* PBXTargetDependency */ = {
			isa = PBXTargetDependency;
			target = D645C93A306B43680055C8C2 /* URLColors Extension */;
			targetProxy = D645C93D306B43680055C8C2 /* PBXContainerItemProxy */;
		};
/* End PBXTargetDependency section */

/* Begin PBXVariantGroup section */
		D645C926306B43670055C8C2 /* Main.html */ = {
			isa = PBXVariantGroup;
			children = (
				D645C927306B43670055C8C2 /* Base */,
			);
			name = Main.html;
			sourceTree = "<group>";
		};
		D645C931306B43670055C8C2 /* Main.storyboard */ = {
			isa = PBXVariantGroup;
			children = (
				D645C932306B43670055C8C2 /* Base */,
			);
			name = Main.storyboard;
			sourceTree = "<group>";
		};
/* End PBXVariantGroup section */

/* Begin XCBuildConfiguration section */
		D645C943306B43680055C8C2 /* Debug configuration for PBXProject "URLColors" */ = {
			isa = XCBuildConfiguration;
			buildSettings = {
				ALWAYS_SEARCH_USER_PATHS = NO;
				ASSETCATALOG_COMPILER_GENERATE_SWIFT_ASSET_SYMBOL_EXTENSIONS = YES;
				CLANG_ANALYZER_NONNULL = YES;
				CLANG_ANALYZER_NUMBER_OBJECT_CONVERSION = YES_AGGRESSIVE;
				CLANG_CXX_LANGUAGE_STANDARD = "gnu++20";
				CLANG_ENABLE_MODULES = YES;
				CLANG_ENABLE_OBJC_ARC = YES;
				CLANG_ENABLE_OBJC_WEAK = YES;
				CLANG_WARN_BLOCK_CAPTURE_AUTORELEASING = YES;
				CLANG_WARN_BOOL_CONVERSION = YES;
				CLANG_WARN_COMMA = YES;
				CLANG_WARN_CONSTANT_CONVERSION = YES;
				CLANG_WARN_DEPRECATED_OBJC_IMPLEMENTATIONS = YES;
				CLANG_WARN_DIRECT_OBJC_ISA_USAGE = YES_ERROR;
				CLANG_WARN_DOCUMENTATION_COMMENTS = YES;
				CLANG_WARN_EMPTY_BODY = YES;
				CLANG_WARN_ENUM_CONVERSION = YES;
				CLANG_WARN_INFINITE_RECURSION = YES;
				CLANG_WARN_INT_CONVERSION = YES;
				CLANG_WARN_NON_LITERAL_NULL_CONVERSION = YES;
				CLANG_WARN_OBJC_IMPLICIT_RETAIN_SELF = YES;
				CLANG_WARN_OBJC_LITERAL_CONVERSION = YES;
				CLANG_WARN_OBJC_ROOT_CLASS = YES_ERROR;
				CLANG_WARN_QUOTED_INCLUDE_IN_FRAMEWORK_HEADER = YES;
				CLANG_WARN_RANGE_LOOP_ANALYSIS = YES;
				CLANG_WARN_STRICT_PROTOTYPES = YES;
				CLANG_WARN_SUSPICIOUS_MOVE = YES;
				CLANG_WARN_UNGUARDED_AVAILABILITY = YES_AGGRESSIVE;
				CLANG_WARN_UNREACHABLE_CODE = YES;
				CLANG_WARN__DUPLICATE_METHOD_MATCH = YES;
				COPY_PHASE_STRIP = NO;
				DEBUG_INFORMATION_FORMAT = dwarf;
				ENABLE_STRICT_OBJC_MSGSEND = YES;
				ENABLE_TESTABILITY = YES;
				ENABLE_USER_SCRIPT_SANDBOXING = YES;
				GCC_C_LANGUAGE_STANDARD = gnu17;
				GCC_DYNAMIC_NO_PIC = NO;
				GCC_NO_COMMON_BLOCKS = YES;
				GCC_OPTIMIZATION_LEVEL = 0;
				GCC_PREPROCESSOR_DEFINITIONS = (
					"DEBUG=1",
					"$(inherited)",
				);
				GCC_WARN_64_TO_32_BIT_CONVERSION = YES;
				GCC_WARN_ABOUT_RETURN_TYPE = YES_ERROR;
				GCC_WARN_UNDECLARED_SELECTOR = YES;
				GCC_WARN_UNINITIALIZED_AUTOS = YES_AGGRESSIVE;
				GCC_WARN_UNUSED_FUNCTION = YES;
				GCC_WARN_UNUSED_VARIABLE = YES;
				LOCALIZATION_PREFERS_STRING_CATALOGS = YES;
				MACOSX_DEPLOYMENT_TARGET = 27.0;
				MTL_ENABLE_DEBUG_INFO = INCLUDE_SOURCE;
				MTL_FAST_MATH = YES;
				ONLY_ACTIVE_ARCH = YES;
				SDKROOT = macosx;
				SWIFT_ACTIVE_COMPILATION_CONDITIONS = "DEBUG $(inherited)";
				SWIFT_OPTIMIZATION_LEVEL = "-Onone";
			};
			name = Debug;
		};
		D645C944306B43680055C8C2 /* Release configuration for PBXProject "URLColors" */ = {
			isa = XCBuildConfiguration;
			buildSettings = {
				ALWAYS_SEARCH_USER_PATHS = NO;
				ASSETCATALOG_COMPILER_GENERATE_SWIFT_ASSET_SYMBOL_EXTENSIONS = YES;
				CLANG_ANALYZER_NONNULL = YES;
				CLANG_ANALYZER_NUMBER_OBJECT_CONVERSION = YES_AGGRESSIVE;
				CLANG_CXX_LANGUAGE_STANDARD = "gnu++20";
				CLANG_ENABLE_MODULES = YES;
				CLANG_ENABLE_OBJC_ARC = YES;
				CLANG_ENABLE_OBJC_WEAK = YES;
				CLANG_WARN_BLOCK_CAPTURE_AUTORELEASING = YES;
				CLANG_WARN_BOOL_CONVERSION = YES;
				CLANG_WARN_COMMA = YES;
				CLANG_WARN_CONSTANT_CONVERSION = YES;
				CLANG_WARN_DEPRECATED_OBJC_IMPLEMENTATIONS = YES;
				CLANG_WARN_DIRECT_OBJC_ISA_USAGE = YES_ERROR;
				CLANG_WARN_DOCUMENTATION_COMMENTS = YES;
				CLANG_WARN_EMPTY_BODY = YES;
				CLANG_WARN_ENUM_CONVERSION = YES;
				CLANG_WARN_INFINITE_RECURSION = YES;
				CLANG_WARN_INT_CONVERSION = YES;
				CLANG_WARN_NON_LITERAL_NULL_CONVERSION = YES;
				CLANG_WARN_OBJC_IMPLICIT_RETAIN_SELF = YES;
				CLANG_WARN_OBJC_LITERAL_CONVERSION = YES;
				CLANG_WARN_OBJC_ROOT_CLASS = YES_ERROR;
				CLANG_WARN_QUOTED_INCLUDE_IN_FRAMEWORK_HEADER = YES;
				CLANG_WARN_RANGE_LOOP_ANALYSIS = YES;
				CLANG_WARN_STRICT_PROTOTYPES = YES;
				CLANG_WARN_SUSPICIOUS_MOVE = YES;
				CLANG_WARN_UNGUARDED_AVAILABILITY = YES_AGGRESSIVE;
				CLANG_WARN_UNREACHABLE_CODE = YES;
				CLANG_WARN__DUPLICATE_METHOD_MATCH = YES;
				COPY_PHASE_STRIP = NO;
				DEBUG_INFORMATION_FORMAT = "dwarf-with-dsym";
				ENABLE_NS_ASSERTIONS = NO;
				ENABLE_STRICT_OBJC_MSGSEND = YES;
				ENABLE_USER_SCRIPT_SANDBOXING = YES;
				GCC_C_LANGUAGE_STANDARD = gnu17;
				GCC_NO_COMMON_BLOCKS = YES;
				GCC_WARN_64_TO_32_BIT_CONVERSION = YES;
				GCC_WARN_ABOUT_RETURN_TYPE = YES_ERROR;
				GCC_WARN_UNDECLARED_SELECTOR = YES;
				GCC_WARN_UNINITIALIZED_AUTOS = YES_AGGRESSIVE;
				GCC_WARN_UNUSED_FUNCTION = YES;
				GCC_WARN_UNUSED_VARIABLE = YES;
				LOCALIZATION_PREFERS_STRING_CATALOGS = YES;
				MACOSX_DEPLOYMENT_TARGET = 27.0;
				MTL_ENABLE_DEBUG_INFO = NO;
				MTL_FAST_MATH = YES;
				SDKROOT = macosx;
				SWIFT_COMPILATION_MODE = wholemodule;
			};
			name = Release;
		};
		D645C946306B43680055C8C2 /* Debug configuration for PBXNativeTarget "URLColors Extension" */ = {
			isa = XCBuildConfiguration;
			buildSettings = {
				CODE_SIGN_STYLE = Automatic;
				CURRENT_PROJECT_VERSION = 1;
				ENABLE_APP_SANDBOX = YES;
				ENABLE_HARDENED_RUNTIME = YES;
				ENABLE_USER_SELECTED_FILES = readonly;
				GENERATE_INFOPLIST_FILE = YES;
				INFOPLIST_FILE = "URLColors Extension/Info.plist";
				INFOPLIST_KEY_CFBundleDisplayName = "URLColors Extension";
				INFOPLIST_KEY_NSHumanReadableCopyright = "";
				LD_RUNPATH_SEARCH_PATHS = (
					"$(inherited)",
					"@executable_path/../Frameworks",
					"@executable_path/../../../../Frameworks",
				);
				MACOSX_DEPLOYMENT_TARGET = 12.0;
				MARKETING_VERSION = 3.1.3;
				OTHER_LDFLAGS = (
					"-framework",
					SafariServices,
				);
				PRODUCT_BUNDLE_IDENTIFIER = com.urlcolors.URLColors.Extension;
				PRODUCT_NAME = "$(TARGET_NAME)";
				SKIP_INSTALL = YES;
				STRING_CATALOG_GENERATE_SYMBOLS = YES;
				SWIFT_APPROACHABLE_CONCURRENCY = YES;
				SWIFT_EMIT_LOC_STRINGS = YES;
				SWIFT_UPCOMING_FEATURE_MEMBER_IMPORT_VISIBILITY = YES;
				SWIFT_VERSION = 5.0;
			};
			name = Debug;
		};
		D645C947306B43680055C8C2 /* Release configuration for PBXNativeTarget "URLColors Extension" */ = {
			isa = XCBuildConfiguration;
			buildSettings = {
				CODE_SIGN_STYLE = Automatic;
				CURRENT_PROJECT_VERSION = 1;
				ENABLE_APP_SANDBOX = YES;
				ENABLE_HARDENED_RUNTIME = YES;
				ENABLE_USER_SELECTED_FILES = readonly;
				GENERATE_INFOPLIST_FILE = YES;
				INFOPLIST_FILE = "URLColors Extension/Info.plist";
				INFOPLIST_KEY_CFBundleDisplayName = "URLColors Extension";
				INFOPLIST_KEY_NSHumanReadableCopyright = "";
				LD_RUNPATH_SEARCH_PATHS = (
					"$(inherited)",
					"@executable_path/../Frameworks",
					"@executable_path/../../../../Frameworks",
				);
				MACOSX_DEPLOYMENT_TARGET = 12.0;
				MARKETING_VERSION = 3.1.3;
				OTHER_LDFLAGS = (
					"-framework",
					SafariServices,
				);
				PRODUCT_BUNDLE_IDENTIFIER = com.urlcolors.URLColors.Extension;
				PRODUCT_NAME = "$(TARGET_NAME)";
				SKIP_INSTALL = YES;
				STRING_CATALOG_GENERATE_SYMBOLS = YES;
				SWIFT_APPROACHABLE_CONCURRENCY = YES;
				SWIFT_EMIT_LOC_STRINGS = YES;
				SWIFT_UPCOMING_FEATURE_MEMBER_IMPORT_VISIBILITY = YES;
				SWIFT_VERSION = 5.0;
			};
			name = Release;
		};
		D645C94A306B43680055C8C2 /* Debug configuration for PBXNativeTarget "URLColors" */ = {
			isa = XCBuildConfiguration;
			buildSettings = {
				ASSETCATALOG_COMPILER_APPICON_NAME = AppIcon;
				ASSETCATALOG_COMPILER_GLOBAL_ACCENT_COLOR_NAME = AccentColor;
				CODE_SIGN_STYLE = Automatic;
				COMBINE_HIDPI_IMAGES = YES;
				CURRENT_PROJECT_VERSION = 1;
				ENABLE_APP_SANDBOX = YES;
				ENABLE_HARDENED_RUNTIME = YES;
				ENABLE_OUTGOING_NETWORK_CONNECTIONS = YES;
				ENABLE_USER_SELECTED_FILES = readonly;
				GENERATE_INFOPLIST_FILE = YES;
				INFOPLIST_FILE = URLColors/Info.plist;
				INFOPLIST_KEY_CFBundleDisplayName = URLColors;
				INFOPLIST_KEY_NSHumanReadableCopyright = "";
				INFOPLIST_KEY_NSMainStoryboardFile = Main;
				INFOPLIST_KEY_NSPrincipalClass = NSApplication;
				INFOPLIST_KEY_NSViewGestureRecognizerIsExclusive = NO;
				LD_RUNPATH_SEARCH_PATHS = (
					"$(inherited)",
					"@executable_path/../Frameworks",
				);
				MARKETING_VERSION = 3.1.3;
				OTHER_LDFLAGS = (
					"-framework",
					SafariServices,
					"-framework",
					WebKit,
				);
				PRODUCT_BUNDLE_IDENTIFIER = com.urlcolors.URLColors;
				PRODUCT_NAME = "$(TARGET_NAME)";
				REGISTER_APP_GROUPS = YES;
				STRING_CATALOG_GENERATE_SYMBOLS = YES;
				SWIFT_APPROACHABLE_CONCURRENCY = YES;
				SWIFT_DEFAULT_ACTOR_ISOLATION = MainActor;
				SWIFT_EMIT_LOC_STRINGS = YES;
				SWIFT_UPCOMING_FEATURE_MEMBER_IMPORT_VISIBILITY = YES;
				SWIFT_VERSION = 5.0;
			};
			name = Debug;
		};
		D645C94B306B43680055C8C2 /* Release configuration for PBXNativeTarget "URLColors" */ = {
			isa = XCBuildConfiguration;
			buildSettings = {
				ASSETCATALOG_COMPILER_APPICON_NAME = AppIcon;
				ASSETCATALOG_COMPILER_GLOBAL_ACCENT_COLOR_NAME = AccentColor;
				CODE_SIGN_STYLE = Automatic;
				COMBINE_HIDPI_IMAGES = YES;
				CURRENT_PROJECT_VERSION = 1;
				ENABLE_APP_SANDBOX = YES;
				ENABLE_HARDENED_RUNTIME = YES;
				ENABLE_OUTGOING_NETWORK_CONNECTIONS = YES;
				ENABLE_USER_SELECTED_FILES = readonly;
				GENERATE_INFOPLIST_FILE = YES;
				INFOPLIST_FILE = URLColors/Info.plist;
				INFOPLIST_KEY_CFBundleDisplayName = URLColors;
				INFOPLIST_KEY_NSHumanReadableCopyright = "";
				INFOPLIST_KEY_NSMainStoryboardFile = Main;
				INFOPLIST_KEY_NSPrincipalClass = NSApplication;
				INFOPLIST_KEY_NSViewGestureRecognizerIsExclusive = NO;
				LD_RUNPATH_SEARCH_PATHS = (
					"$(inherited)",
					"@executable_path/../Frameworks",
				);
				MARKETING_VERSION = 3.1.3;
				OTHER_LDFLAGS = (
					"-framework",
					SafariServices,
					"-framework",
					WebKit,
				);
				PRODUCT_BUNDLE_IDENTIFIER = com.urlcolors.URLColors;
				PRODUCT_NAME = "$(TARGET_NAME)";
				REGISTER_APP_GROUPS = YES;
				STRING_CATALOG_GENERATE_SYMBOLS = YES;
				SWIFT_APPROACHABLE_CONCURRENCY = YES;
				SWIFT_DEFAULT_ACTOR_ISOLATION = MainActor;
				SWIFT_EMIT_LOC_STRINGS = YES;
				SWIFT_UPCOMING_FEATURE_MEMBER_IMPORT_VISIBILITY = YES;
				SWIFT_VERSION = 5.0;
			};
			name = Release;
		};
/* End XCBuildConfiguration section */

/* Begin XCConfigurationList section */
		D645C91B306B43670055C8C2 /* Build configuration list for PBXProject "URLColors" */ = {
			isa = XCConfigurationList;
			buildConfigurations = (
				D645C943306B43680055C8C2 /* Debug configuration for PBXProject "URLColors" */,
				D645C944306B43680055C8C2 /* Release configuration for PBXProject "URLColors" */,
			);
			defaultConfigurationName = Release;
		};
		D645C945306B43680055C8C2 /* Build configuration list for PBXNativeTarget "URLColors Extension" */ = {
			isa = XCConfigurationList;
			buildConfigurations = (
				D645C946306B43680055C8C2 /* Debug configuration for PBXNativeTarget "URLColors Extension" */,
				D645C947306B43680055C8C2 /* Release configuration for PBXNativeTarget "URLColors Extension" */,
			);
			defaultConfigurationName = Release;
		};
		D645C949306B43680055C8C2 /* Build configuration list for PBXNativeTarget "URLColors" */ = {
			isa = XCConfigurationList;
			buildConfigurations = (
				D645C94A306B43680055C8C2 /* Debug configuration for PBXNativeTarget "URLColors" */,
				D645C94B306B43680055C8C2 /* Release configuration for PBXNativeTarget "URLColors" */,
			);
			defaultConfigurationName = Release;
		};
/* End XCConfigurationList section */
	};
	rootObject = D645C918306B43670055C8C2 /* Project object */;
	validationLevel = 1;
}
